# This file is automatically @generated by Cargo.
# It is not intended for manual editing.
version = 4

[[package]]
name = "addr2line"
version = "0.26.1"
source = "registry+https://github.com/rust-lang/crates.io-index"
checksum = "59317f77929f0e679d39364702289274de2f0f0b22cbf50b2b8cff2169a0b27a"
dependencies = [
 "gimli",
]

[[package]]
name = "allocator-api2"
version = "0.2.21"
source = "registry+https://github.com/rust-lang/crates.io-index"
checksum = "683d7910e743518b0e34f1186f92494becacb047c7b6bf616c96772180fef923"

[[package]]
name = "anyhow"
version = "1.0.104"
source = "registry+https://github.com/rust-lang/crates.io-index"
checksum = "330a5ed07fa54e4702c9d6c4174f74427fc0ef6e214bbd677ae50a5099946470"

[[package]]
name = "arbitrary"
version = "1.4.2"
source = "registry+https://github.com/rust-lang/crates.io-index"
checksum = "c3d036a3c4ab069c7b410a2ce876bd74808d2d0888a82667669f8e783a898bf1"

[[package]]
name = "async-trait"
version = "0.1.92"
source = "registry+https://github.com/rust-lang/crates.io-index"
checksum = "82f6aeea286b8eb4dd3431a1be1b59d290ace00f5bfd8e2a159bc2a05e2c1667"
dependencies = [
 "proc-macro2",
 "quote",
 "syn 3.0.6",
]

[[package]]
name = "base64"
version = "0.22.1"
source = "registry+https://github.com/rust-lang/crates.io-index"
checksum = "72b3254f16251a8381aa12e40e3c4d2f0199f8c6508fbecb9d91f575e0fbb8c6"

[[package]]
name = "bitflags"
version = "2.13.2"
source = "registry+https://github.com/rust-lang/crates.io-index"
checksum = "3ded4057c258ba199e2d26386d3af3780957ecaee6c4ef4041c6b4b8b97c0b06"

[[package]]
name = "block-buffer"
version = "0.10.4"
source = "registry+https://github.com/rust-lang/crates.io-index"
checksum = "3078c7629b62d3f0439517fa394996acacc5cbc91c5a20d8c658e77abd503a71"
dependencies = [
 "generic-array",
]

[[package]]
name = "bumpalo"
version = "3.20.3"
source = "registry+https://github.com/rust-lang/crates.io-index"
checksum = "72f5acc6cb2ba439de613abc23857ec3d78374d8ed5ac84e9d11336e87da8649"
dependencies = [
 "allocator-api2",
]

[[package]]
name = "cc"
version = "1.5.1"
source = "registry+https://github.com/rust-lang/crates.io-index"
checksum = "f360145194ee8e21db5ee7f3fcd4fe52210864c75c985dae33218202c8bbe040"
dependencies = [
 "find-msvc-tools",
 "shlex",
]

[[package]]
name = "cfg-if"
version = "1.0.5"
source = "registry+https://github.com/rust-lang/crates.io-index"
checksum = "4e7648175b45a9a48536d676f68d918270699102aa8dab5496df06904c914600"

[[package]]
name = "cobs"
version = "0.3.0"
source = "registry+https://github.com/rust-lang/crates.io-index"
checksum = "0fa961b519f0b462e3a3b4a34b64d119eeaca1d59af726fe450bbba07a9fc0a1"
dependencies = [
 "thiserror",
]

[[package]]
name = "core_detect"
version = "1.0.0"
source = "registry+https://github.com/rust-lang/crates.io-index"
checksum = "7f8f80099a98041a3d1622845c271458a2d73e688351bf3cb999266764b81d48"

[[package]]
name = "cpp_demangle"
version = "0.5.1"
source = "registry+https://github.com/rust-lang/crates.io-index"
checksum = "0667304c32ea56cb4cd6d2d7c0cfe9a2f8041229db8c033af7f8d69492429def"
dependencies = [
 "cfg-if",
]

[[package]]
name = "cpufeatures"
version = "0.2.17"
source = "registry+https://github.com/rust-lang/crates.io-index"
checksum = "59ed5838eebb26a2bb2e58f6d5b5316989ae9d08bab10e0e6d103e656d1b0280"
dependencies = [
 "libc",
]

[[package]]
name = "cranelift-assembler-x64"
version = "0.134.4"
source = "registry+https://github.com/rust-lang/crates.io-index"
checksum = "16c273ba1bfc3a1cb27cb4f83df27134f3cb638a61f5ed79ab22cf86eb13da0d"
dependencies = [
 "cranelift-assembler-x64-meta",
]

[[package]]
name = "cranelift-assembler-x64-meta"
version = "0.134.4"
source = "registry+https://github.com/rust-lang/crates.io-index"
checksum = "cbf8909326a466739e83ffe11e74c0c8c6b4bfa911b612aece915daa746cff58"
dependencies = [
 "cranelift-srcgen",
]

[[package]]
name = "cranelift-bforest"
version = "0.134.4"
source = "registry+https://github.com/rust-lang/crates.io-index"
checksum = "3cb26b06b54d8b2f8cdf4d440a32fc3b3b91c71c162333a69a70a66fa265fc45"
dependencies = [
 "cranelift-entity",
 "wasmtime-internal-core",
]

[[package]]
name = "cranelift-bitset"
version = "0.134.4"
source = "registry+https://github.com/rust-lang/crates.io-index"
checksum = "7ce4e57dbb7f73d08011808a19787c3a03c3e7854b2a479ed0b788915fb671be"
dependencies = [
 "serde",
 "serde_derive",
 "wasmtime-internal-core",
]

[[package]]
name = "cranelift-codegen"
version = "0.134.4"
source = "registry+https://github.com/rust-lang/crates.io-index"
checksum = "74b0a8968f33d0bc13bc86fe70dd3947e93acc9f358ed9848e9988448972a9be"
dependencies = [
 "bumpalo",
 "cranelift-assembler-x64",
 "cranelift-bforest",
 "cranelift-bitset",
 "cranelift-codegen-meta",
 "cranelift-codegen-shared",
 "cranelift-control",
 "cranelift-entity",
 "cranelift-isle",
 "gimli",
 "hashbrown 0.17.1",
 "libm",
 "log",
 "postcard",
 "pulley-interpreter",
 "regalloc2",
 "rustc-hash",
 "serde",
 "serde_derive",
 "sha2",
 "smallvec",
 "target-lexicon",
 "wasmtime-internal-core",
]

[[package]]
name = "cranelift-codegen-meta"
version = "0.134.4"
source = "registry+https://github.com/rust-lang/crates.io-index"
checksum = "f69e8e2fe9deb48ef7b8d0c61612f8c1e2277d0421c201e30a4c844a4ebac698"
dependencies = [
 "cranelift-assembler-x64-meta",
 "cranelift-codegen-shared",
 "cranelift-srcgen",
 "heck",
 "pulley-interpreter",
]

[[package]]
name = "cranelift-codegen-shared"
version = "0.134.4"
source = "registry+https://github.com/rust-lang/crates.io-index"
checksum = "ad4db1e87a65e9c5a832e3ede160830d4e34df938ac38b5604819f8825687e73"

[[package]]
name = "cranelift-control"
version = "0.134.4"
source = "registry+https://github.com/rust-lang/crates.io-index"
checksum = "9248cd37bb6ec460981f57ead368e32b1eca7a207ad50e3e9c7adc3b161f20e9"
dependencies = [
 "arbitrary",
]

[[package]]
name = "cranelift-entity"
version = "0.134.4"
source = "registry+https://github.com/rust-lang/crates.io-index"
checksum = "26b8bc91c0a3530d132acbf118965dabe9a084029eb0fa74b64760360dec3316"
dependencies = [
 "cranelift-bitset",
 "serde",
 "serde_derive",
 "wasmtime-internal-core",
]

[[package]]
name = "cranelift-frontend"
version = "0.134.4"
source = "registry+https://github.com/rust-lang/crates.io-index"
checksum = "5086f2ebc084a98b387e522680f62ef65a512444d8382151e03088716d3a1714"
dependencies = [
 "cranelift-codegen",
 "hashbrown 0.17.1",
 "log",
 "smallvec",
 "target-lexicon",
]

[[package]]
name = "cranelift-isle"
version = "0.134.4"
source = "registry+https://github.com/rust-lang/crates.io-index"
checksum = "b6a658670f779afc2df083be201ebe54805f69b7b9ffa8dab04142b72ed751c9"

[[package]]
name = "cranelift-native"
version = "0.134.4"
source = "registry+https://github.com/rust-lang/crates.io-index"
checksum = "16a41083b1fd953debd6f32d21fcda765b258f323ce907fdd6b4715f2769c478"
dependencies = [
 "cranelift-codegen",
 "libc",
 "target-lexicon",
]

[[package]]
name = "cranelift-srcgen"
version = "0.134.4"
source = "registry+https://github.com/rust-lang/crates.io-index"
checksum = "244d9cd0759b0a3ccdd587cafb13434f9ea43b5c9d07701d277daf5cd0f7b7c1"

[[package]]
name = "crc32fast"
version = "1.5.2"
source = "registry+https://github.com/rust-lang/crates.io-index"
checksum = "01a7799fd6b852db0e61728dde9a204c423b44d689dbd432522543614b490e78"
dependencies = [
 "cfg-if",
]

[[package]]
name = "crossbeam-deque"
version = "0.8.8"
source = "registry+https://github.com/rust-lang/crates.io-index"
checksum = "622f3fc73690be383c7214310406f28a90e6edeadc3cea882f9d71e495b9711a"
dependencies = [
 "crossbeam-epoch",
 "crossbeam-utils",
]

[[package]]
name = "crossbeam-epoch"
version = "0.9.21"
source = "registry+https://github.com/rust-lang/crates.io-index"
checksum = "dc74980687109a3b14c72fd458107bf0baa1da1a1a805e178d15501ba9b86d9d"
dependencies = [
 "crossbeam-utils",
]

[[package]]
name = "crossbeam-utils"
version = "0.8.23"
source = "registry+https://github.com/rust-lang/crates.io-index"
checksum = "a31eee39dddec8330830986fcd7625edb5a24ec90ea038215273bbc3adb08ac6"

[[package]]
name = "crypto-common"
version = "0.1.7"
source = "registry+https://github.com/rust-lang/crates.io-index"
checksum = "78c8292055d1c1df0cce5d180393dc8cce0abec0a7102adb6c7b1eef6016d60a"
dependencies = [
 "generic-array",
 "typenum",
]

[[package]]
name = "digest"
version = "0.10.7"
source = "registry+https://github.com/rust-lang/crates.io-index"
checksum = "9ed9a281f7bc9b7576e61468ba615a66a5c8cfdff42420a70aa82701a3b1e292"
dependencies = [
 "block-buffer",
 "crypto-common",
]

[[package]]
name = "either"
version = "1.18.0"
source = "registry+https://github.com/rust-lang/crates.io-index"
checksum = "252afb9ae5eaa683babdc6a068b3f5726eb19e05070c731f9b2a23a7c3e8ed34"

[[package]]
name = "embedded-io"
version = "0.4.0"
source = "registry+https://github.com/rust-lang/crates.io-index"
checksum = "ef1a6892d9eef45c8fa6b9e0086428a2cca8491aca8f787c534a3d6d0bcb3ced"

[[package]]
name = "embedded-io"
version = "0.6.1"
source = "registry+https://github.com/rust-lang/crates.io-index"
checksum = "edd0f118536f44f5ccd48bcb8b111bdc3de888b58c74639dfb034a357d0f206d"

[[package]]
name = "encoding_rs"
version = "0.8.42"
source = "registry+https://github.com/rust-lang/crates.io-index"
checksum = "8e985e0451871ad22fb8d2b6b076e2028a502a0d3950998c2c5c0a4f9b5d9679"
dependencies = [
 "cfg-if",
 "core_detect",
 "multiversion_no_op",
 "rustversion",
 "scopeguard",
 "simdutf8",
]

[[package]]
name = "equivalent"
version = "1.0.2"
source = "registry+https://github.com/rust-lang/crates.io-index"
checksum = "877a4ace8713b0bcf2a4e7eec82529c029f1d0619886d18145fea96c3ffe5c0f"

[[package]]
name = "errno"
version = "0.3.14"
source = "registry+https://github.com/rust-lang/crates.io-index"
checksum = "39cab71617ae0d63f51a36d69f866391735b51691dbda63cf6f96d042b63efeb"
dependencies = [
 "libc",
 "windows-sys",
]

[[package]]
name = "find-msvc-tools"
version = "0.1.14"
source = "registry+https://github.com/rust-lang/crates.io-index"
checksum = "aedcfb3409746eddb02b9e19ebda1c3394f759a152e48ee875a0844d1b955484"

[[package]]
name = "fnv"
version = "1.0.7"
source = "registry+https://github.com/rust-lang/crates.io-index"
checksum = "3f9eec918d3f24069decb9af1554cad7c880e2da24a9afd88aca000531ab82c1"

[[package]]
name = "foldhash"
version = "0.2.0"
source = "registry+https://github.com/rust-lang/crates.io-index"
checksum = "77ce24cb58228fbb8aa041425bb1050850ac19177686ea6e0f41a70416f56fdb"

[[package]]
name = "futures"
version = "0.3.34"
source = "registry+https://github.com/rust-lang/crates.io-index"
checksum = "9a31d2a3fbaaeb2af2368bbdd904aa8e812d3c04a1ee10d3171f52d556e5d0a3"
dependencies = [
 "futures-channel",
 "futures-core",
 "futures-io",
 "futures-sink",
 "futures-task",
 "futures-util",
]

[[package]]
name = "futures-channel"
version = "0.3.34"
source = "registry+https://github.com/rust-lang/crates.io-index"
checksum = "b1f9e3d69d39e4862ffed03ed071a76f9a13ba1d9109d355b0f0aa6b15e393c4"
dependencies = [
 "futures-core",
 "futures-sink",
]

[[package]]
name = "futures-core"
version = "0.3.34"
source = "registry+https://github.com/rust-lang/crates.io-index"
checksum = "92d699e522242e69e3003b94ecc1f960f3a5e015aa7c5d7486e65ad01dd94f5e"

[[package]]
name = "futures-io"
version = "0.3.34"
source = "registry+https://github.com/rust-lang/crates.io-index"
checksum = "53c0fa8157de1303bfffdaa1cc2a673bfffb60102f76b0ef4441659124373fed"

[[package]]
name = "futures-sink"
version = "0.3.34"
source = "registry+https://github.com/rust-lang/crates.io-index"
checksum = "1944426bf7d03f1d14f708785e4b33efd750b36d48a157b836b3efc15ede8e1d"

[[package]]
name = "futures-task"
version = "0.3.34"
source = "registry+https://github.com/rust-lang/crates.io-index"
checksum = "cd417de3d1d015fc3bfd2b1ea46dfc7bab72ef86f1cc7cc9c78e728b34a6d1fd"

[[package]]
name = "futures-util"
version = "0.3.34"
source = "registry+https://github.com/rust-lang/crates.io-index"
checksum = "0d50a92467f8ba5dd6e3ee5d4bd04d73ab2e4e1c44474a0674821dfce14b79bc"
dependencies = [
 "futures-channel",
 "futures-core",
 "futures-io",
 "futures-sink",
 "futures-task",
 "memchr",
 "pin-project-lite",
 "slab",
]

[[package]]
name = "generic-array"
version = "0.14.7"
source = "registry+https://github.com/rust-lang/crates.io-index"
checksum = "85649ca51fd72272d7821adaf274ad91c288277713d9c18820d8499a7ff69e9a"
dependencies = [
 "typenum",
 "version_check",
]

[[package]]
name = "getrandom"
version = "0.2.17"
source = "registry+https://github.com/rust-lang/crates.io-index"
checksum = "ff2abc00be7fca6ebc474524697ae276ad847ad0a6b3faa4bcb027e9a4614ad0"
dependencies = [
 "cfg-if",
 "libc",
 "wasi",
]

[[package]]
name = "gimli"
version = "0.33.0"
source = "registry+https://github.com/rust-lang/crates.io-index"
checksum = "0bf7f043f89559805f8c7cacc432749b2fa0d0a0a9ee46ce47164ed5ba7f126c"
dependencies = [
 "fnv",
 "hashbrown 0.16.1",
 "indexmap",
 "stable_deref_trait",
]

[[package]]
name = "hashbrown"
version = "0.16.1"
source = "registry+https://github.com/rust-lang/crates.io-index"
checksum = "841d1cc9bed7f9236f321df977030373f4a4163ae1a7dbfe1a51a2c1a51d9100"

[[package]]
name = "hashbrown"
version = "0.17.1"
source = "registry+https://github.com/rust-lang/crates.io-index"
checksum = "ed5909b6e89a2db4456e54cd5f673791d7eca6732202bbf2a9cc504fe2f9b84a"
dependencies = [
 "foldhash",
 "serde",
 "serde_core",
]

[[package]]
name = "heck"
version = "0.5.0"
source = "registry+https://github.com/rust-lang/crates.io-index"
checksum = "2304e00983f87ffb38b55b444b5e3b60a884b5d30c0fca7d82fe33449bbe55ea"

[[package]]
name = "id-arena"
version = "2.3.0"
source = "registry+https://github.com/rust-lang/crates.io-index"
checksum = "3d3067d79b975e8844ca9eb072e16b31c3c1c36928edf9c6789548c524d0d954"

[[package]]
name = "indexmap"
version = "2.14.2"
source = "registry+https://github.com/rust-lang/crates.io-index"
checksum = "cc4e190f5d26ca7051642629da2c52fc03bde85a03197c99408dcd291734c855"
dependencies = [
 "equivalent",
 "hashbrown 0.17.1",
 "serde",
 "serde_core",
]

[[package]]
name = "itertools"
version = "0.14.0"
source = "registry+https://github.com/rust-lang/crates.io-index"
checksum = "2b192c782037fadd9cfa75548310488aabdbf3d2da73885b31bd0abd03351285"
dependencies = [
 "either",
]

[[package]]
name = "itoa"
version = "1.0.18"
source = "registry+https://github.com/rust-lang/crates.io-index"
checksum = "8f42a60cbdf9a97f5d2305f08a87dc4e09308d1276d28c869c684d7777685682"

[[package]]
name = "leb128fmt"
version = "0.1.0"
source = "registry+https://github.com/rust-lang/crates.io-index"
checksum = "09edd9e8b54e49e587e4f6295a7d29c3ea94d469cb40ab8ca70b288248a81db2"

[[package]]
name = "libc"
version = "0.2.189"
source = "registry+https://github.com/rust-lang/crates.io-index"
checksum = "3eaf3ede3fee6db1a4c2ee091bf8a8b4dccdc6d17f656fb07896ee72867612f2"

[[package]]
name = "libm"
version = "0.2.16"
source = "registry+https://github.com/rust-lang/crates.io-index"
checksum = "b6d2cec3eae94f9f509c767b45932f1ada8350c4bdb85af2fcab4a3c14807981"

[[package]]
name = "linux-raw-sys"
version = "0.12.1"
source = "registry+https://github.com/rust-lang/crates.io-index"
checksum = "32a66949e030da00e8c7d4434b251670a91556f4144941d37452769c25d58a53"

[[package]]
name = "log"
version = "0.4.34"
source = "registry+https://github.com/rust-lang/crates.io-index"
checksum = "f9f8bd3e56ce4dfc153cf470fffbfa98c7620958b312ca5c3a4b8d5181fd13c6"

[[package]]
name = "mach2"
version = "0.6.0"
source = "registry+https://github.com/rust-lang/crates.io-index"
checksum = "dae608c151f68243f2b000364e1f7b186d9c29845f7d2d85bd31b9ad77ad552b"

[[package]]
name = "memchr"
version = "2.8.3"
source = "registry+https://github.com/rust-lang/crates.io-index"
checksum = "cf8baf1c55e62ffcace7a9f06f4bd9cd3f0c4beb022d3b367256b91b87513d98"

[[package]]
name = "memfd"
version = "0.6.6"
source = "registry+https://github.com/rust-lang/crates.io-index"
checksum = "57804b2c9b69967f1536a56f86297e367a33b19e98852ed624b84551cdbc0d90"
dependencies = [
 "rustix",
]

[[package]]
name = "multiversion_no_op"
version = "1.0.0"
source = "registry+https://github.com/rust-lang/crates.io-index"
checksum = "743fb55ba31b18fb1ecef6bdc9aa2743314978ac084044301a7eee33fb99a20d"

[[package]]
name = "n8n-sandbox"
version = "0.1.0"
dependencies = [
 "base64",
 "getrandom",
 "serde_json",
 "sha2",
 "wasmtime",
 "wit-parser",
]

[[package]]
name = "object"
version = "0.39.1"
source = "registry+https://github.com/rust-lang/crates.io-index"
checksum = "2e5a6c098c7a3b6547378093f5cc30bc54fd361ce711e05293a5cc589562739b"
dependencies = [
 "crc32fast",
 "hashbrown 0.17.1",
 "indexmap",
 "memchr",
]

[[package]]
name = "once_cell"
version = "1.21.4"
source = "registry+https://github.com/rust-lang/crates.io-index"
checksum = "9f7c3e4beb33f85d45ae3e3a1792185706c8e16d043238c593331cc7cd313b50"

[[package]]
name = "pin-project-lite"
version = "0.2.17"
source = "registry+https://github.com/rust-lang/crates.io-index"
checksum = "a89322df9ebe1c1578d689c92318e070967d1042b512afbe49518723f4e6d5cd"

[[package]]
name = "postcard"
version = "1.1.3"
source = "registry+https://github.com/rust-lang/crates.io-index"
checksum = "6764c3b5dd454e283a30e6dfe78e9b31096d9e32036b5d1eaac7a6119ccb9a24"
dependencies = [
 "cobs",
 "embedded-io 0.4.0",
 "embedded-io 0.6.1",
 "serde",
]

[[package]]
name = "proc-macro2"
version = "1.0.107"
source = "registry+https://github.com/rust-lang/crates.io-index"
checksum = "985e7ec9bb745e6ce6535b544d84d6cd6f7ad8bd711c398938ae983b91a766d9"
dependencies = [
 "unicode-ident",
]

[[package]]
name = "pulley-interpreter"
version = "47.0.4"
source = "registry+https://github.com/rust-lang/crates.io-index"
checksum = "ed2bd641cb6a3ec5bffe60405568933163e0ea619da0943e9d2a417ceaa7fe82"
dependencies = [
 "cranelift-bitset",
 "log",
 "pulley-macros",
 "wasmtime-internal-core",
]

[[package]]
name = "pulley-macros"
version = "47.0.4"
source = "registry+https://github.com/rust-lang/crates.io-index"
checksum = "d3fd4024d1e559eaf5579bc8ad84a2b5915f34b47acc13a06ffba7dac401b166"
dependencies = [
 "proc-macro2",
 "quote",
 "syn 2.0.119",
]

[[package]]
name = "quote"
version = "1.0.47"
source = "registry+https://github.com/rust-lang/crates.io-index"
checksum = "1fbf4db142a473a8d80c26bbf18454ed458bf8d26c8219c331daecfdbd079001"
dependencies = [
 "proc-macro2",
]

[[package]]
name = "rayon"
version = "1.12.0"
source = "registry+https://github.com/rust-lang/crates.io-index"
checksum = "fb39b166781f92d482534ef4b4b1b2568f42613b53e5b6c160e24cfbfa30926d"
dependencies = [
 "either",
 "rayon-core",
]

[[package]]
name = "rayon-core"
version = "1.13.0"
source = "registry+https://github.com/rust-lang/crates.io-index"
checksum = "22e18b0f0062d30d4230b2e85ff77fdfe4326feb054b9783a3460d8435c8ab91"
dependencies = [
 "crossbeam-deque",
 "crossbeam-utils",
]

[[package]]
name = "regalloc2"
version = "0.15.2"
source = "registry+https://github.com/rust-lang/crates.io-index"
checksum = "757712e8e61590d6d4f5d563483755538b5aa13467837a3b41cd9832509a7f85"
dependencies = [
 "allocator-api2",
 "bumpalo",
 "hashbrown 0.17.1",
 "log",
 "rustc-hash",
 "serde",
 "smallvec",
]

[[package]]
name = "rustc-demangle"
version = "0.1.28"
source = "registry+https://github.com/rust-lang/crates.io-index"
checksum = "b74b56ffa8bb2830709a538c2cbcae9aa062db0d2a42563bfb09bdaae44020eb"

[[package]]
name = "rustc-hash"
version = "2.1.3"
source = "registry+https://github.com/rust-lang/crates.io-index"
checksum = "6b1e7f9a428571be2dc5bc0505c13fb6bf936822b894ec87abf8a08a4e51742d"

[[package]]
name = "rustix"
version = "1.1.5"
source = "registry+https://github.com/rust-lang/crates.io-index"
checksum = "891efababe418670775f199f0d233d84843c227a0949a883ce15b37c78d6629d"
dependencies = [
 "bitflags",
 "errno",
 "libc",
 "linux-raw-sys",
 "windows-sys",
]

[[package]]
name = "rustversion"
version = "1.0.23"
source = "registry+https://github.com/rust-lang/crates.io-index"
checksum = "cf54715a573b99ac80df0bc206da022bcd442c974952c7b9720069370852e21f"

[[package]]
name = "scopeguard"
version = "1.2.0"
source = "registry+https://github.com/rust-lang/crates.io-index"
checksum = "94143f37725109f92c262ed2cf5e59bce7498c01bcc1502d7b9afe439a4e9f49"

[[package]]
name = "semver"
version = "1.0.28"
source = "registry+https://github.com/rust-lang/crates.io-index"
checksum = "8a7852d02fc848982e0c167ef163aaff9cd91dc640ba85e263cb1ce46fae51cd"
dependencies = [
 "serde",
 "serde_core",
]

[[package]]
name = "serde"
version = "1.0.229"
source = "registry+https://github.com/rust-lang/crates.io-index"
checksum = "4148590afebada386688f18773da617792bf2ef03ffc1e4cbd2b1d45b023e0ba"
dependencies = [
 "serde_core",
 "serde_derive",
]

[[package]]
name = "serde_core"
version = "1.0.229"
source = "registry+https://github.com/rust-lang/crates.io-index"
checksum = "67dca2c9c51e58a4791a4b1ed58308b39c64224d349a935ab5039aa360942a48"
dependencies = [
 "serde_derive",
]

[[package]]
name = "serde_derive"
version = "1.0.229"
source = "registry+https://github.com/rust-lang/crates.io-index"
checksum = "e7a5d71263a5a7d47b41f6b3f06ba276f10cc18b0931f1799f710578e2309348"
dependencies = [
 "proc-macro2",
 "quote",
 "syn 3.0.6",
]

[[package]]
name = "serde_json"
version = "1.0.151"
source = "registry+https://github.com/rust-lang/crates.io-index"
checksum = "c841b55ecdae098c80dcae9cf767f6f8a0c2cdb3416bbef72181df4d0fe73f14"
dependencies = [
 "indexmap",
 "itoa",
 "memchr",
 "serde",
 "serde_core",
 "zmij",
]

[[package]]
name = "sha2"
version = "0.10.9"
source = "registry+https://github.com/rust-lang/crates.io-index"
checksum = "a7507d819769d01a365ab707794a4084392c824f54a7a6a7862f8c3d0892b283"
dependencies = [
 "cfg-if",
 "cpufeatures",
 "digest",
]

[[package]]
name = "shlex"
version = "2.0.1"
source = "registry+https://github.com/rust-lang/crates.io-index"
checksum = "f8fadd59c855ef2080decdef8ff161eb6661b86933c9d82e5ba29dc602a55aba"

[[package]]
name = "simdutf8"
version = "0.1.5"
source = "registry+https://github.com/rust-lang/crates.io-index"
checksum = "e3a9fe34e3e7a50316060351f37187a3f546bce95496156754b601a5fa71b76e"

[[package]]
name = "slab"
version = "0.4.12"
source = "registry+https://github.com/rust-lang/crates.io-index"
checksum = "0c790de23124f9ab44544d7ac05d60440adc586479ce501c1d6d7da3cd8c9cf5"

[[package]]
name = "smallvec"
version = "1.16.2"
source = "registry+https://github.com/rust-lang/crates.io-index"
checksum = "f9395f0f0eee849a9b707b2f06bb92a6a422090e2123bb2ef8e87a0e61892a8e"
dependencies = [
 "serde",
]

[[package]]
name = "stable_deref_trait"
version = "1.2.1"
source = "registry+https://github.com/rust-lang/crates.io-index"
checksum = "6ce2be8dc25455e1f91df71bfa12ad37d7af1092ae736f3a6cd0e37bc7810596"

[[package]]
name = "syn"
version = "2.0.119"
source = "registry+https://github.com/rust-lang/crates.io-index"
checksum = "872831b642d1a07999a962a351ed35b955ea2cfc8f3862091e2a240a84f17297"
dependencies = [
 "proc-macro2",
 "quote",
 "unicode-ident",
]

[[package]]
name = "syn"
version = "3.0.6"
source = "registry+https://github.com/rust-lang/crates.io-index"
checksum = "8593e8e72159ed2257d083c7a454a85cbf854f37a0966d8d483aff8c8a3ebcee"
dependencies = [
 "proc-macro2",
 "quote",
 "unicode-ident",
]

[[package]]
name = "target-lexicon"
version = "0.13.5"
source = "registry+https://github.com/rust-lang/crates.io-index"
checksum = "adb6935a6f5c20170eeceb1a3835a49e12e19d792f6dd344ccc76a985ca5a6ca"

[[package]]
name = "termcolor"
version = "1.4.1"
source = "registry+https://github.com/rust-lang/crates.io-index"
checksum = "06794f8f6c5c898b3275aebefa6b8a1cb24cd2c6c79397ab15774837a0bc5755"
dependencies = [
 "winapi-util",
]

[[package]]
name = "thiserror"
version = "2.0.21"
source = "registry+https://github.com/rust-lang/crates.io-index"
checksum = "09e52cb86a36cede5cb101bf8908837b3e4c6e5e59fe7fd85c23fb56200d189e"
dependencies = [
 "thiserror-impl",
]

[[package]]
name = "thiserror-impl"
version = "2.0.21"
source = "registry+https://github.com/rust-lang/crates.io-index"
checksum = "fe5197923287db20a58125f0bc85c062f7f2c892de97b18c356f9efb14b28524"
dependencies = [
 "proc-macro2",
 "quote",
 "syn 3.0.6",
]

[[package]]
name = "typenum"
version = "1.20.1"
source = "registry+https://github.com/rust-lang/crates.io-index"
checksum = "b6f5e870be6c3b371b77fe0ee0bafb859fa4964b4404c27de1d380043c4dda20"

[[package]]
name = "unicode-ident"
version = "1.0.26"
source = "registry+https://github.com/rust-lang/crates.io-index"
checksum = "d245f478577f809a851594d02313b640fb437e0bb33866753cff937863096954"

[[package]]
name = "version_check"
version = "0.9.5"
source = "registry+https://github.com/rust-lang/crates.io-index"
checksum = "0b928f33d975fc6ad9f86c8f283853ad26bdd5b10b7f1542aa2fa15e2289105a"

[[package]]
name = "wasi"
version = "0.11.1+wasi-snapshot-preview1"
source = "registry+https://github.com/rust-lang/crates.io-index"
checksum = "ccf3ec651a847eb01de73ccad15eb7d99f80485de043efb2f370cd654f4ea44b"

[[package]]
name = "wasm-encoder"
version = "0.252.0"
source = "registry+https://github.com/rust-lang/crates.io-index"
checksum = "8185ae345fa5687c054626ff9a50e7089797a343d9904d1dc9820eb4c4d3196f"
dependencies = [
 "leb128fmt",
 "wasmparser",
]

[[package]]
name = "wasmparser"
version = "0.252.0"
source = "registry+https://github.com/rust-lang/crates.io-index"
checksum = "d3eb099dcadcde5be9eef55e3a337128efd4e44b4c93122487e4d2e4e1c6627c"
dependencies = [
 "bitflags",
 "hashbrown 0.17.1",
 "indexmap",
 "semver",
 "serde",
]

[[package]]
name = "wasmprinter"
version = "0.252.0"
source = "registry+https://github.com/rust-lang/crates.io-index"
checksum = "7142797de29b35ab8dbf15c00f55fda75d409da4c423a8ab8bd6b667a785824b"
dependencies = [
 "anyhow",
 "termcolor",
 "wasmparser",
]

[[package]]
name = "wasmtime"
version = "47.0.4"
source = "registry+https://github.com/rust-lang/crates.io-index"
checksum = "4cdaf5b8af5713146e3a62d940c71e3eb2ad1ebacfa6b55f0c8509a5b4b87718"
dependencies = [
 "addr2line",
 "async-trait",
 "bitflags",
 "bumpalo",
 "cc",
 "cfg-if",
 "encoding_rs",
 "futures",
 "libc",
 "log",
 "mach2",
 "memfd",
 "object",
 "once_cell",
 "postcard",
 "pulley-interpreter",
 "rayon",
 "rustix",
 "semver",
 "serde",
 "serde_derive",
 "smallvec",
 "target-lexicon",
 "wasmparser",
 "wasmtime-environ",
 "wasmtime-internal-component-macro",
 "wasmtime-internal-component-util",
 "wasmtime-internal-core",
 "wasmtime-internal-cranelift",
 "wasmtime-internal-fiber",
 "wasmtime-internal-jit-debug",
 "wasmtime-internal-jit-icache-coherence",
 "wasmtime-internal-unwinder",
 "wasmtime-internal-versioned-export-macros",
 "windows-sys",
]

[[package]]
name = "wasmtime-environ"
version = "47.0.4"
source = "registry+https://github.com/rust-lang/crates.io-index"
checksum = "58793271eab7ec26bab99ca497131f8b37702e7dc39e2f2d18293e3e915b4964"
dependencies = [
 "anyhow",
 "cpp_demangle",
 "cranelift-bforest",
 "cranelift-bitset",
 "cranelift-entity",
 "gimli",
 "hashbrown 0.17.1",
 "indexmap",
 "log",
 "object",
 "postcard",
 "rustc-demangle",
 "semver",
 "serde",
 "serde_derive",
 "sha2",
 "smallvec",
 "target-lexicon",
 "wasm-encoder",
 "wasmparser",
 "wasmprinter",
 "wasmtime-internal-component-util",
 "wasmtime-internal-core",
]

[[package]]
name = "wasmtime-internal-component-macro"
version = "47.0.4"
source = "registry+https://github.com/rust-lang/crates.io-index"
checksum = "c5bba4eff4804620bae04d7793308d97a0c5a8a97ea19e635452518f84560f84"
dependencies = [
 "anyhow",
 "proc-macro2",
 "quote",
 "syn 2.0.119",
 "wasmtime-internal-component-util",
 "wasmtime-internal-wit-bindgen",
 "wit-parser",
]

[[package]]
name = "wasmtime-internal-component-util"
version = "47.0.4"
source = "registry+https://github.com/rust-lang/crates.io-index"
checksum = "3d7032ff6b4d7a45e05be1cb32ec1756df5f2669f08296dbe2c61c3789dead2c"

[[package]]
name = "wasmtime-internal-core"
version = "47.0.4"
source = "registry+https://github.com/rust-lang/crates.io-index"
checksum = "f41d3b2cb9c3de7b696690af070d408b5e357011832f8b8bb7fbb315dbb620ed"
dependencies = [
 "hashbrown 0.17.1",
 "libm",
 "serde",
]

[[package]]
name = "wasmtime-internal-cranelift"
version = "47.0.4"
source = "registry+https://github.com/rust-lang/crates.io-index"
checksum = "1d5cda5b90247978dd2ba6ca4e309508da19e9244445671d2d0e6a34e5c3b847"
dependencies = [
 "cfg-if",
 "cranelift-codegen",
 "cranelift-control",
 "cranelift-entity",
 "cranelift-frontend",
 "cranelift-native",
 "gimli",
 "itertools",
 "log",
 "object",
 "pulley-interpreter",
 "smallvec",
 "target-lexicon",
 "thiserror",
 "wasmparser",
 "wasmtime-environ",
 "wasmtime-internal-core",
 "wasmtime-internal-unwinder",
 "wasmtime-internal-versioned-export-macros",
]

[[package]]
name = "wasmtime-internal-fiber"
version = "47.0.4"
source = "registry+https://github.com/rust-lang/crates.io-index"
checksum = "4d126366176553e8f304e8ac2078a4cc37134fe8f19d4d4695a09c5a2f577f10"
dependencies = [
 "cc",
 "cfg-if",
 "libc",
 "rustix",
 "wasmtime-environ",
 "wasmtime-internal-versioned-export-macros",
 "windows-sys",
]

[[package]]
name = "wasmtime-internal-jit-debug"
version = "47.0.4"
source = "registry+https://github.com/rust-lang/crates.io-index"
checksum = "c1d28ff131bc40e11d84bc3a9fa0d264506439ffbbc89f3562fbb529d1caa617"
dependencies = [
 "cc",
 "wasmtime-internal-versioned-export-macros",
]

[[package]]
name = "wasmtime-internal-jit-icache-coherence"
version = "47.0.4"
source = "registry+https://github.com/rust-lang/crates.io-index"
checksum = "4a52de8b6afbfcd618073f592c1450cb661574e7061f3f4a44f1f7ec0c7f7909"
dependencies = [
 "cfg-if",
 "libc",
 "wasmtime-internal-core",
 "windows-sys",
]

[[package]]
name = "wasmtime-internal-unwinder"
version = "47.0.4"
source = "registry+https://github.com/rust-lang/crates.io-index"
checksum = "5524fbaaf3d2134dd6229164d7fc81e443cce06d1e0576524d5f4e86e747cb13"
dependencies = [
 "cfg-if",
 "cranelift-codegen",
 "log",
 "object",
 "wasmtime-environ",
]

[[package]]
name = "wasmtime-internal-versioned-export-macros"
version = "47.0.4"
source = "registry+https://github.com/rust-lang/crates.io-index"
checksum = "e93bb9ae112a80618510f938275a5d88637b656e7d0a021fc906f52206c708ad"
dependencies = [
 "proc-macro2",
 "quote",
 "syn 2.0.119",
]

[[package]]
name = "wasmtime-internal-wit-bindgen"
version = "47.0.4"
source = "registry+https://github.com/rust-lang/crates.io-index"
checksum = "bfdbdd9d6fab1ecb67a7dc189e32c9e341444945fb709437bf8aab25d9a88459"
dependencies = [
 "anyhow",
 "bitflags",
 "heck",
 "indexmap",
 "wit-parser",
]

[[package]]
name = "winapi-util"
version = "0.1.11"
source = "registry+https://github.com/rust-lang/crates.io-index"
checksum = "c2a7b1c03c876122aa43f3020e6c3c3ee5c05081c9a00739faf7503aeba10d22"
dependencies = [
 "windows-sys",
]

[[package]]
name = "windows-link"
version = "0.2.1"
source = "registry+https://github.com/rust-lang/crates.io-index"
checksum = "f0805222e57f7521d6a62e36fa9163bc891acd422f971defe97d64e70d0a4fe5"

[[package]]
name = "windows-sys"
version = "0.61.2"
source = "registry+https://github.com/rust-lang/crates.io-index"
checksum = "ae137229bcbd6cdf0f7b80a31df61766145077ddf49416a728b02cb3921ff3fc"
dependencies = [
 "windows-link",
]

[[package]]
name = "wit-parser"
version = "0.252.0"
source = "registry+https://github.com/rust-lang/crates.io-index"
checksum = "4266bea110371c620ccf3201c5023676046bc4556e5c7cfb5d500bda5ebc162d"
dependencies = [
 "anyhow",
 "hashbrown 0.17.1",
 "id-arena",
 "indexmap",
 "log",
 "semver",
 "serde",
 "serde_derive",
 "serde_json",
 "unicode-ident",
 "wasmparser",
]

[[package]]
name = "zmij"
version = "1.0.23"
source = "registry+https://github.com/rust-lang/crates.io-index"
checksum = "29666d0abbfad1e3dc4dcf6144730dd3a3ab225bbbdac83319345b1b44ccfc1b"
